
Microsoft Visual Studio Solution File, Format Version 12.00
# Visual Studio Version 17
VisualStudioVersion = 17.9.34714.143
MinimumVisualStudioVersion = 10.0.40219.1
Project("{9A19103F-16F7-4668-BE54-9A1E7A4F7556}") = "TemplateConverTools", "TemplateConverTools.csproj", "{2051C43D-4CA8-46E5-87D3-3E2680F24A84}"
EndProject
Global
	GlobalSection(SolutionConfigurationPlatforms) = preSolution
		Debug|x64 = Debug|x64
		Release|x64 = Release|x64
	EndGlobalSection
	GlobalSection(ProjectConfigurationPlatforms) = postSolution
		{2051C43D-4CA8-46E5-87D3-3E2680F24A84}.Debug|x64.ActiveCfg = Debug|x64
		{2051C43D-4CA8-46E5-87D3-3E2680F24A84}.Debug|x64.Build.0 = Debug|x64
		{2051C43D-4CA8-46E5-87D3-3E2680F24A84}.Release|x64.ActiveCfg = Release|x64
		{2051C43D-4CA8-46E5-87D3-3E2680F24A84}.Release|x64.Build.0 = Release|x64
	EndGlobalSection
	GlobalSection(SolutionProperties) = preSolution
		HideSolutionNode = FALSE
	EndGlobalSection
	GlobalSection(ExtensibilityGlobals) = postSolution
		SolutionGuid = {8BAF4196-09B0-4A07-8162-F1D001A01455}
	EndGlobalSection
EndGlobal
